
Microsoft Visual Studio Solution File, Format Version 12.00
# Visual Studio Version 17
VisualStudioVersion = 17.4.33205.214
MinimumVisualStudioVersion = 10.0.40219.1
Project("{8BC9CEB8-8B4A-11D0-8D11-00A0C91BC942}") = "Project3", "Project3\Project3.vcxproj", "{CED1D303-F0AB-4765-9488-26C0E95EA83D}"
EndProject
Global
	GlobalSection(SolutionConfigurationPlatforms) = preSolution
		Debug|x64 = Debug|x64
		Debug|x86 = Debug|x86
		Release|x64 = Release|x64
		Release|x86 = Release|x86
	EndGlobalSection
	GlobalSection(ProjectConfigurationPlatforms) = postSolution
		{CED1D303-F0AB-4765-9488-26C0E95EA83D}.Debug|x64.ActiveCfg = Debug|x64
		{CED1D303-F0AB-4765-9488-26C0E95EA83D}.Debug|x64.Build.0 = Debug|x64
		{CED1D303-F0AB-4765-9488-26C0E95EA83D}.Debug|x86.ActiveCfg = Debug|Win32
		{CED1D303-F0AB-4765-9488-26C0E95EA83D}.Debug|x86.Build.0 = Debug|Win32
		{CED1D303-F0AB-4765-9488-26C0E95EA83D}.Release|x64.ActiveCfg = Release|x64
		{CED1D303-F0AB-4765-9488-26C0E95EA83D}.Release|x64.Build.0 = Release|x64
		{CED1D303-F0AB-4765-9488-26C0E95EA83D}.Release|x86.ActiveCfg = Release|Win32
		{CED1D303-F0AB-4765-9488-26C0E95EA83D}.Release|x86.Build.0 = Release|Win32
	EndGlobalSection
	GlobalSection(SolutionProperties) = preSolution
		HideSolutionNode = FALSE
	EndGlobalSection
	GlobalSection(ExtensibilityGlobals) = postSolution
		SolutionGuid = {13255300-8292-4A2A-8F86-894F57FA93ED}
	EndGlobalSection
EndGlobal
