
Microsoft Visual Studio Solution File, Format Version 12.00
# Visual Studio Version 17
VisualStudioVersion = 17.4.33205.214
MinimumVisualStudioVersion = 10.0.40219.1
Project("{8BC9CEB8-8B4A-11D0-8D11-00A0C91BC942}") = "Project1", "Project1\Project1.vcxproj", "{EB9D31EB-95CA-46D9-9B90-696A96C1ED1F}"
EndProject
Project("{8BC9CEB8-8B4A-11D0-8D11-00A0C91BC942}") = "Project2", "Project2\Project2.vcxproj", "{4F15355F-24A7-4DD5-9E47-EAA984E4062B}"
EndProject
Project("{8BC9CEB8-8B4A-11D0-8D11-00A0C91BC942}") = "Project3", "Project3\Project3.vcxproj", "{955CD84B-533F-4E7E-BE55-CE7AB0489426}"
EndProject
Project("{8BC9CEB8-8B4A-11D0-8D11-00A0C91BC942}") = "Project4", "Project4\Project4.vcxproj", "{60391177-D140-4B98-9769-205E54FC0368}"
EndProject
Project("{8BC9CEB8-8B4A-11D0-8D11-00A0C91BC942}") = "Project5", "Project5\Project5.vcxproj", "{9549FF4D-1487-43FA-832C-D6EC43BE69B0}"
EndProject
Project("{8BC9CEB8-8B4A-11D0-8D11-00A0C91BC942}") = "Project6", "Project6\Project6.vcxproj", "{BF55E67F-8D08-4BDF-B57F-003039446382}"
EndProject
Project("{8BC9CEB8-8B4A-11D0-8D11-00A0C91BC942}") = "Project7", "Project7\Project7.vcxproj", "{C487D888-87F4-4033-9736-20A4010BE7A3}"
EndProject
Project("{8BC9CEB8-8B4A-11D0-8D11-00A0C91BC942}") = "Project8", "Project8\Project8.vcxproj", "{68FE34A6-AFB1-4898-B046-551B4633466B}"
EndProject
Project("{8BC9CEB8-8B4A-11D0-8D11-00A0C91BC942}") = "Project9", "Project9\Project9.vcxproj", "{47960FAD-AEFD-452A-B3FB-40C4F0843ECB}"
EndProject
Project("{8BC9CEB8-8B4A-11D0-8D11-00A0C91BC942}") = "Project10", "Project10\Project10.vcxproj", "{F3C951FB-DE7C-41FC-AF9E-FCF0FE02651A}"
EndProject
Project("{8BC9CEB8-8B4A-11D0-8D11-00A0C91BC942}") = "Project11", "Project11\Project11.vcxproj", "{D058C567-D3A3-4812-91DC-3F8FFAA7A608}"
EndProject
Project("{8BC9CEB8-8B4A-11D0-8D11-00A0C91BC942}") = "Project12", "Project12\Project12.vcxproj", "{52C70674-8473-47C3-9040-64128D3E42C0}"
EndProject
Global
	GlobalSection(SolutionConfigurationPlatforms) = preSolution
		Debug|x64 = Debug|x64
		Debug|x86 = Debug|x86
		Release|x64 = Release|x64
		Release|x86 = Release|x86
	EndGlobalSection
	GlobalSection(ProjectConfigurationPlatforms) = postSolution
		{EB9D31EB-95CA-46D9-9B90-696A96C1ED1F}.Debug|x64.ActiveCfg = Debug|x64
		{EB9D31EB-95CA-46D9-9B90-696A96C1ED1F}.Debug|x64.Build.0 = Debug|x64
		{EB9D31EB-95CA-46D9-9B90-696A96C1ED1F}.Debug|x86.ActiveCfg = Debug|Win32
		{EB9D31EB-95CA-46D9-9B90-696A96C1ED1F}.Debug|x86.Build.0 = Debug|Win32
		{EB9D31EB-95CA-46D9-9B90-696A96C1ED1F}.Release|x64.ActiveCfg = Release|x64
		{EB9D31EB-95CA-46D9-9B90-696A96C1ED1F}.Release|x64.Build.0 = Release|x64
		{EB9D31EB-95CA-46D9-9B90-696A96C1ED1F}.Release|x86.ActiveCfg = Release|Win32
		{EB9D31EB-95CA-46D9-9B90-696A96C1ED1F}.Release|x86.Build.0 = Release|Win32
		{4F15355F-24A7-4DD5-9E47-EAA984E4062B}.Debug|x64.ActiveCfg = Debug|x64
		{4F15355F-24A7-4DD5-9E47-EAA984E4062B}.Debug|x64.Build.0 = Debug|x64
		{4F15355F-24A7-4DD5-9E47-EAA984E4062B}.Debug|x86.ActiveCfg = Debug|Win32
		{4F15355F-24A7-4DD5-9E47-EAA984E4062B}.Debug|x86.Build.0 = Debug|Win32
		{4F15355F-24A7-4DD5-9E47-EAA984E4062B}.Release|x64.ActiveCfg = Release|x64
		{4F15355F-24A7-4DD5-9E47-EAA984E4062B}.Release|x64.Build.0 = Release|x64
		{4F15355F-24A7-4DD5-9E47-EAA984E4062B}.Release|x86.ActiveCfg = Release|Win32
		{4F15355F-24A7-4DD5-9E47-EAA984E4062B}.Release|x86.Build.0 = Release|Win32
		{955CD84B-533F-4E7E-BE55-CE7AB0489426}.Debug|x64.ActiveCfg = Debug|x64
		{955CD84B-533F-4E7E-BE55-CE7AB0489426}.Debug|x64.Build.0 = Debug|x64
		{955CD84B-533F-4E7E-BE55-CE7AB0489426}.Debug|x86.ActiveCfg = Debug|Win32
		{955CD84B-533F-4E7E-BE55-CE7AB0489426}.Debug|x86.Build.0 = Debug|Win32
		{955CD84B-533F-4E7E-BE55-CE7AB0489426}.Release|x64.ActiveCfg = Release|x64
		{955CD84B-533F-4E7E-BE55-CE7AB0489426}.Release|x64.Build.0 = Release|x64
		{955CD84B-533F-4E7E-BE55-CE7AB0489426}.Release|x86.ActiveCfg = Release|Win32
		{955CD84B-533F-4E7E-BE55-CE7AB0489426}.Release|x86.Build.0 = Release|Win32
		{60391177-D140-4B98-9769-205E54FC0368}.Debug|x64.ActiveCfg = Debug|x64
		{60391177-D140-4B98-9769-205E54FC0368}.Debug|x64.Build.0 = Debug|x64
		{60391177-D140-4B98-9769-205E54FC0368}.Debug|x86.ActiveCfg = Debug|Win32
		{60391177-D140-4B98-9769-205E54FC0368}.Debug|x86.Build.0 = Debug|Win32
		{60391177-D140-4B98-9769-205E54FC0368}.Release|x64.ActiveCfg = Release|x64
		{60391177-D140-4B98-9769-205E54FC0368}.Release|x64.Build.0 = Release|x64
		{60391177-D140-4B98-9769-205E54FC0368}.Release|x86.ActiveCfg = Release|Win32
		{60391177-D140-4B98-9769-205E54FC0368}.Release|x86.Build.0 = Release|Win32
		{9549FF4D-1487-43FA-832C-D6EC43BE69B0}.Debug|x64.ActiveCfg = Debug|x64
		{9549FF4D-1487-43FA-832C-D6EC43BE69B0}.Debug|x64.Build.0 = Debug|x64
		{9549FF4D-1487-43FA-832C-D6EC43BE69B0}.Debug|x86.ActiveCfg = Debug|Win32
		{9549FF4D-1487-43FA-832C-D6EC43BE69B0}.Debug|x86.Build.0 = Debug|Win32
		{9549FF4D-1487-43FA-832C-D6EC43BE69B0}.Release|x64.ActiveCfg = Release|x64
		{9549FF4D-1487-43FA-832C-D6EC43BE69B0}.Release|x64.Build.0 = Release|x64
		{9549FF4D-1487-43FA-832C-D6EC43BE69B0}.Release|x86.ActiveCfg = Release|Win32
		{9549FF4D-1487-43FA-832C-D6EC43BE69B0}.Release|x86.Build.0 = Release|Win32
		{BF55E67F-8D08-4BDF-B57F-003039446382}.Debug|x64.ActiveCfg = Debug|x64
		{BF55E67F-8D08-4BDF-B57F-003039446382}.Debug|x64.Build.0 = Debug|x64
		{BF55E67F-8D08-4BDF-B57F-003039446382}.Debug|x86.ActiveCfg = Debug|Win32
		{BF55E67F-8D08-4BDF-B57F-003039446382}.Debug|x86.Build.0 = Debug|Win32
		{BF55E67F-8D08-4BDF-B57F-003039446382}.Release|x64.ActiveCfg = Release|x64
		{BF55E67F-8D08-4BDF-B57F-003039446382}.Release|x64.Build.0 = Release|x64
		{BF55E67F-8D08-4BDF-B57F-003039446382}.Release|x86.ActiveCfg = Release|Win32
		{BF55E67F-8D08-4BDF-B57F-003039446382}.Release|x86.Build.0 = Release|Win32
		{C487D888-87F4-4033-9736-20A4010BE7A3}.Debug|x64.ActiveCfg = Debug|x64
		{C487D888-87F4-4033-9736-20A4010BE7A3}.Debug|x64.Build.0 = Debug|x64
		{C487D888-87F4-4033-9736-20A4010BE7A3}.Debug|x86.ActiveCfg = Debug|Win32
		{C487D888-87F4-4033-9736-20A4010BE7A3}.Debug|x86.Build.0 = Debug|Win32
		{C487D888-87F4-4033-9736-20A4010BE7A3}.Release|x64.ActiveCfg = Release|x64
		{C487D888-87F4-4033-9736-20A4010BE7A3}.Release|x64.Build.0 = Release|x64
		{C487D888-87F4-4033-9736-20A4010BE7A3}.Release|x86.ActiveCfg = Release|Win32
		{C487D888-87F4-4033-9736-20A4010BE7A3}.Release|x86.Build.0 = Release|Win32
		{68FE34A6-AFB1-4898-B046-551B4633466B}.Debug|x64.ActiveCfg = Debug|x64
		{68FE34A6-AFB1-4898-B046-551B4633466B}.Debug|x64.Build.0 = Debug|x64
		{68FE34A6-AFB1-4898-B046-551B4633466B}.Debug|x86.ActiveCfg = Debug|Win32
		{68FE34A6-AFB1-4898-B046-551B4633466B}.Debug|x86.Build.0 = Debug|Win32
		{68FE34A6-AFB1-4898-B046-551B4633466B}.Release|x64.ActiveCfg = Release|x64
		{68FE34A6-AFB1-4898-B046-551B4633466B}.Release|x64.Build.0 = Release|x64
		{68FE34A6-AFB1-4898-B046-551B4633466B}.Release|x86.ActiveCfg = Release|Win32
		{68FE34A6-AFB1-4898-B046-551B4633466B}.Release|x86.Build.0 = Release|Win32
		{47960FAD-AEFD-452A-B3FB-40C4F0843ECB}.Debug|x64.ActiveCfg = Debug|x64
		{47960FAD-AEFD-452A-B3FB-40C4F0843ECB}.Debug|x64.Build.0 = Debug|x64
		{47960FAD-AEFD-452A-B3FB-40C4F0843ECB}.Debug|x86.ActiveCfg = Debug|Win32
		{47960FAD-AEFD-452A-B3FB-40C4F0843ECB}.Debug|x86.Build.0 = Debug|Win32
		{47960FAD-AEFD-452A-B3FB-40C4F0843ECB}.Release|x64.ActiveCfg = Release|x64
		{47960FAD-AEFD-452A-B3FB-40C4F0843ECB}.Release|x64.Build.0 = Release|x64
		{47960FAD-AEFD-452A-B3FB-40C4F0843ECB}.Release|x86.ActiveCfg = Release|Win32
		{47960FAD-AEFD-452A-B3FB-40C4F0843ECB}.Release|x86.Build.0 = Release|Win32
		{F3C951FB-DE7C-41FC-AF9E-FCF0FE02651A}.Debug|x64.ActiveCfg = Debug|x64
		{F3C951FB-DE7C-41FC-AF9E-FCF0FE02651A}.Debug|x64.Build.0 = Debug|x64
		{F3C951FB-DE7C-41FC-AF9E-FCF0FE02651A}.Debug|x86.ActiveCfg = Debug|Win32
		{F3C951FB-DE7C-41FC-AF9E-FCF0FE02651A}.Debug|x86.Build.0 = Debug|Win32
		{F3C951FB-DE7C-41FC-AF9E-FCF0FE02651A}.Release|x64.ActiveCfg = Release|x64
		{F3C951FB-DE7C-41FC-AF9E-FCF0FE02651A}.Release|x64.Build.0 = Release|x64
		{F3C951FB-DE7C-41FC-AF9E-FCF0FE02651A}.Release|x86.ActiveCfg = Release|Win32
		{F3C951FB-DE7C-41FC-AF9E-FCF0FE02651A}.Release|x86.Build.0 = Release|Win32
		{D058C567-D3A3-4812-91DC-3F8FFAA7A608}.Debug|x64.ActiveCfg = Debug|x64
		{D058C567-D3A3-4812-91DC-3F8FFAA7A608}.Debug|x64.Build.0 = Debug|x64
		{D058C567-D3A3-4812-91DC-3F8FFAA7A608}.Debug|x86.ActiveCfg = Debug|Win32
		{D058C567-D3A3-4812-91DC-3F8FFAA7A608}.Debug|x86.Build.0 = Debug|Win32
		{D058C567-D3A3-4812-91DC-3F8FFAA7A608}.Release|x64.ActiveCfg = Release|x64
		{D058C567-D3A3-4812-91DC-3F8FFAA7A608}.Release|x64.Build.0 = Release|x64
		{D058C567-D3A3-4812-91DC-3F8FFAA7A608}.Release|x86.ActiveCfg = Release|Win32
		{D058C567-D3A3-4812-91DC-3F8FFAA7A608}.Release|x86.Build.0 = Release|Win32
		{52C70674-8473-47C3-9040-64128D3E42C0}.Debug|x64.ActiveCfg = Debug|x64
		{52C70674-8473-47C3-9040-64128D3E42C0}.Debug|x64.Build.0 = Debug|x64
		{52C70674-8473-47C3-9040-64128D3E42C0}.Debug|x86.ActiveCfg = Debug|Win32
		{52C70674-8473-47C3-9040-64128D3E42C0}.Debug|x86.Build.0 = Debug|Win32
		{52C70674-8473-47C3-9040-64128D3E42C0}.Release|x64.ActiveCfg = Release|x64
		{52C70674-8473-47C3-9040-64128D3E42C0}.Release|x64.Build.0 = Release|x64
		{52C70674-8473-47C3-9040-64128D3E42C0}.Release|x86.ActiveCfg = Release|Win32
		{52C70674-8473-47C3-9040-64128D3E42C0}.Release|x86.Build.0 = Release|Win32
	EndGlobalSection
	GlobalSection(SolutionProperties) = preSolution
		HideSolutionNode = FALSE
	EndGlobalSection
	GlobalSection(ExtensibilityGlobals) = postSolution
		SolutionGuid = {AD847EB2-55F9-4CCD-A980-725B613AAE87}
	EndGlobalSection
EndGlobal
